<?xml version="1.0" encoding="utf-8"?>
<Project ToolsVersion="4.0" xmlns="http://schemas.microsoft.com/developer/msbuild/2003">
  <ItemGroup>
    <Filter Include="Source Files">
      <UniqueIdentifier>{4FC737F1-C7A5-4376-A066-2A32D752A2FF}</UniqueIdentifier>
      <Extensions>cpp;c</Extensions>
    </Filter>
    <Filter Include="Header Files">
      <UniqueIdentifier>{93995380-89BD-4b04-88EB-625FBE52EBFB}</UniqueIdentifier>
      <Extensions>h;hpp</Extensions>
    </Filter>
    <Filter Include="Source Files\Core">
      <UniqueIdentifier>{A1B2C3D4-0001-0001-0001-000000000001}</UniqueIdentifier>
    </Filter>
    <Filter Include="Source Files\TSF">
      <UniqueIdentifier>{A1B2C3D4-0001-0001-0001-000000000002}</UniqueIdentifier>
    </Filter>
    <Filter Include="Source Files\UI">
      <UniqueIdentifier>{A1B2C3D4-0001-0001-0001-000000000003}</UniqueIdentifier>
    </Filter>
    <Filter Include="Source Files\Engine">
      <UniqueIdentifier>{A1B2C3D4-0001-0001-0001-000000000004}</UniqueIdentifier>
    </Filter>
  </ItemGroup>
  <ItemGroup>
    <ClCompile Include="src\Globals.cpp">
      <Filter>Source Files\Core</Filter>
    </ClCompile>
    <ClCompile Include="src\DllMain.cpp">
      <Filter>Source Files\Core</Filter>
    </ClCompile>
    <ClCompile Include="src\ClassFactory.cpp">
      <Filter>Source Files\Core</Filter>
    </ClCompile>
    <ClCompile Include="src\Register.cpp">
      <Filter>Source Files\Core</Filter>
    </ClCompile>
    <ClCompile Include="src\PinyinTextService.cpp">
      <Filter>Source Files\TSF</Filter>
    </ClCompile>
    <ClCompile Include="src\KeyEventSink.cpp">
      <Filter>Source Files\TSF</Filter>
    </ClCompile>
    <ClCompile Include="src\KeyEventLogic.cpp">
      <Filter>Source Files\TSF</Filter>
    </ClCompile>
    <ClCompile Include="src\ThreadMgrEventSink.cpp">
      <Filter>Source Files\TSF</Filter>
    </ClCompile>
    <ClCompile Include="src\Composition.cpp">
      <Filter>Source Files\TSF</Filter>
    </ClCompile>
    <ClCompile Include="src\EditSession.cpp">
      <Filter>Source Files\TSF</Filter>
    </ClCompile>
    <ClCompile Include="src\CandidateWindow.cpp">
      <Filter>Source Files\UI</Filter>
    </ClCompile>
    <ClCompile Include="src\PinyinEngine.cpp">
      <Filter>Source Files\Engine</Filter>
    </ClCompile>
    <ClCompile Include="src\PinyinCompositionState.cpp">
      <Filter>Source Files\Engine</Filter>
    </ClCompile>
    <ClCompile Include="src\SettingsManager.cpp">
      <Filter>Source Files\UI</Filter>
    </ClCompile>
    <ClCompile Include="src\TrayIcon.cpp">
      <Filter>Source Files\UI</Filter>
    </ClCompile>
    <ClCompile Include="src\SettingsDialog.cpp">
      <Filter>Source Files\UI</Filter>
    </ClCompile>
  </ItemGroup>
  <ItemGroup>
    <ClInclude Include="src\Globals.h">
      <Filter>Header Files</Filter>
    </ClInclude>
    <ClInclude Include="src\ClassFactory.h">
      <Filter>Header Files</Filter>
    </ClInclude>
    <ClInclude Include="src\PinyinTextService.h">
      <Filter>Header Files</Filter>
    </ClInclude>
    <ClInclude Include="src\KeyEventLogic.h">
      <Filter>Header Files</Filter>
    </ClInclude>
    <ClInclude Include="src\EditSession.h">
      <Filter>Header Files</Filter>
    </ClInclude>
    <ClInclude Include="src\CandidateWindow.h">
      <Filter>Header Files</Filter>
    </ClInclude>
    <ClInclude Include="src\PinyinEngine.h">
      <Filter>Header Files</Filter>
    </ClInclude>
    <ClInclude Include="src\PinyinCompositionState.h">
      <Filter>Header Files</Filter>
    </ClInclude>
    <ClInclude Include="src\resource.h">
      <Filter>Header Files</Filter>
    </ClInclude>
    <ClInclude Include="src\SettingsManager.h">
      <Filter>Header Files</Filter>
    </ClInclude>
    <ClInclude Include="src\TrayIcon.h">
      <Filter>Header Files</Filter>
    </ClInclude>
    <ClInclude Include="src\SettingsDialog.h">
      <Filter>Header Files</Filter>
    </ClInclude>
  </ItemGroup>
  <ItemGroup>
    <None Include="src\PinyinTSF.def">
      <Filter>Source Files\Core</Filter>
    </None>
    <None Include="icon\icon_32x32.ico">
      <Filter>Source Files\UI</Filter>
    </None>
    <None Include="icon\profile_icon.ico">
      <Filter>Source Files\UI</Filter>
    </None>
  </ItemGroup>
  <ItemGroup>
    <ResourceCompile Include="PinyinTSF.rc">
      <Filter>Source Files</Filter>
    </ResourceCompile>
  </ItemGroup>
</Project>
